{
    "name": "PEC TEC Webpage",
    "lockfileVersion": 3,
    "requires": true,
    "packages": {
        "": {
            "dependencies": {
                "@serialport/list": "^10.5.0",
                "chart.js": "^4.3.0",
                "chartjs-plugin-zoom": "^2.0.1",
                "prompt-sync": "^4.2.0"
            }
        },
        "node_modules/@kurkle/color": {
            "version": "0.3.2",
            "resolved": "https://registry.npmjs.org/@kurkle/color/-/color-0.3.2.tgz",
            "integrity": "sha512-fuscdXJ9G1qb7W8VdHi+IwRqij3lBkosAm4ydQtEmbY58OzHXqQhvlxqEkoz0yssNVn38bcpRWgA9PP+OGoisw=="
        },
        "node_modules/@serialport/bindings-cpp": {
            "version": "10.8.0",
            "resolved": "https://registry.npmjs.org/@serialport/bindings-cpp/-/bindings-cpp-10.8.0.tgz",
            "integrity": "sha512-OMQNJz5kJblbmZN5UgJXLwi2XNtVLxSKmq5VyWuXQVsUIJD4l9UGHnLPqM5LD9u3HPZgDI5w7iYN7gxkQNZJUw==",
            "hasInstallScript": true,
            "dependencies": {
                "@serialport/bindings-interface": "1.2.2",
                "@serialport/parser-readline": "^10.2.1",
                "debug": "^4.3.2",
                "node-addon-api": "^5.0.0",
                "node-gyp-build": "^4.3.0"
            },
            "engines": {
                "node": ">=12.17.0 <13.0 || >=14.0.0"
            },
            "funding": {
                "url": "https://opencollective.com/serialport/donate"
            }
        },
        "node_modules/@serialport/bindings-interface": {
            "version": "1.2.2",
            "resolved": "https://registry.npmjs.org/@serialport/bindings-interface/-/bindings-interface-1.2.2.tgz",
            "integrity": "sha512-CJaUd5bLvtM9c5dmO9rPBHPXTa9R2UwpkJ0wdh9JCYcbrPWsKz+ErvR0hBLeo7NPeiFdjFO4sonRljiw4d2XiA==",
            "engines": {
                "node": "^12.22 || ^14.13 || >=16"
            }
        },
        "node_modules/@serialport/list": {
            "version": "10.5.0",
            "resolved": "https://registry.npmjs.org/@serialport/list/-/list-10.5.0.tgz",
            "integrity": "sha512-fPjCt7eeV9D/RoXBSj4J6LpKjlR+RIPeJLFU4N80tMftQF573ECP9yDjFH7Qr3t7YBH5r9N1+ntVXwzbmQPUHQ==",
            "dependencies": {
                "@serialport/bindings-cpp": "10.8.0",
                "commander": "^9.0.0"
            },
            "bin": {
                "serialport-list": "dist/index.js"
            },
            "engines": {
                "node": ">=12.0.0"
            },
            "funding": {
                "url": "https://opencollective.com/serialport/donate"
            }
        },
        "node_modules/@serialport/parser-delimiter": {
            "version": "10.5.0",
            "resolved": "https://registry.npmjs.org/@serialport/parser-delimiter/-/parser-delimiter-10.5.0.tgz",
            "integrity": "sha512-/uR/yT3jmrcwnl2FJU/2ySvwgo5+XpksDUR4NF/nwTS5i3CcuKS+FKi/tLzy1k8F+rCx5JzpiK+koqPqOUWArA==",
            "engines": {
                "node": ">=12.0.0"
            },
            "funding": {
                "url": "https://opencollective.com/serialport/donate"
            }
        },
        "node_modules/@serialport/parser-readline": {
            "version": "10.5.0",
            "resolved": "https://registry.npmjs.org/@serialport/parser-readline/-/parser-readline-10.5.0.tgz",
            "integrity": "sha512-0aXJknodcl94W9zSjvU+sLdXiyEG2rqjQmvBWZCr8wJZjWEtv3RgrnYiWq4i2OTOyC8C/oPK8ZjpBjQptRsoJQ==",
            "dependencies": {
                "@serialport/parser-delimiter": "10.5.0"
            },
            "engines": {
                "node": ">=12.0.0"
            },
            "funding": {
                "url": "https://opencollective.com/serialport/donate"
            }
        },
        "node_modules/ansi-regex": {
            "version": "4.1.1",
            "resolved": "https://registry.npmjs.org/ansi-regex/-/ansi-regex-4.1.1.tgz",
            "integrity": "sha512-ILlv4k/3f6vfQ4OoP2AGvirOktlQ98ZEL1k9FaQjxa3L1abBgbuTDAdPOpvbGncC0BTVQrl+OM8xZGK6tWXt7g==",
            "engines": {
                "node": ">=6"
            }
        },
        "node_modules/chart.js": {
            "version": "4.3.0",
            "resolved": "https://registry.npmjs.org/chart.js/-/chart.js-4.3.0.tgz",
            "integrity": "sha512-ynG0E79xGfMaV2xAHdbhwiPLczxnNNnasrmPEXriXsPJGjmhOBYzFVEsB65w2qMDz+CaBJJuJD0inE/ab/h36g==",
            "dependencies": {
                "@kurkle/color": "^0.3.0"
            },
            "engines": {
                "pnpm": ">=7"
            }
        },
        "node_modules/chartjs-plugin-zoom": {
            "version": "2.0.1",
            "resolved": "https://registry.npmjs.org/chartjs-plugin-zoom/-/chartjs-plugin-zoom-2.0.1.tgz",
            "integrity": "sha512-ogOmLu6e+Q7E1XWOCOz9YwybMslz9qNfGV2a+qjfmqJYpsw5ZMoRHZBUyW+NGhkpQ5PwwPA/+rikHpBZb7PZuA==",
            "dependencies": {
                "hammerjs": "^2.0.8"
            },
            "peerDependencies": {
                "chart.js": ">=3.2.0"
            }
        },
        "node_modules/commander": {
            "version": "9.5.0",
            "resolved": "https://registry.npmjs.org/commander/-/commander-9.5.0.tgz",
            "integrity": "sha512-KRs7WVDKg86PWiuAqhDrAQnTXZKraVcCc6vFdL14qrZ/DcWwuRo7VoiYXalXO7S5GKpqYiVEwCbgFDfxNHKJBQ==",
            "engines": {
                "node": "^12.20.0 || >=14"
            }
        },
        "node_modules/debug": {
            "version": "4.3.4",
            "resolved": "https://registry.npmjs.org/debug/-/debug-4.3.4.tgz",
            "integrity": "sha512-PRWFHuSU3eDtQJPvnNY7Jcket1j0t5OuOsFzPPzsekD52Zl8qUfFIPEiswXqIvHWGVHOgX+7G/vCNNhehwxfkQ==",
            "dependencies": {
                "ms": "2.1.2"
            },
            "engines": {
                "node": ">=6.0"
            },
            "peerDependenciesMeta": {
                "supports-color": {
                    "optional": true
                }
            }
        },
        "node_modules/hammerjs": {
            "version": "2.0.8",
            "resolved": "https://registry.npmjs.org/hammerjs/-/hammerjs-2.0.8.tgz",
            "integrity": "sha512-tSQXBXS/MWQOn/RKckawJ61vvsDpCom87JgxiYdGwHdOa0ht0vzUWDlfioofFCRU0L+6NGDt6XzbgoJvZkMeRQ==",
            "engines": {
                "node": ">=0.8.0"
            }
        },
        "node_modules/ms": {
            "version": "2.1.2",
            "resolved": "https://registry.npmjs.org/ms/-/ms-2.1.2.tgz",
            "integrity": "sha512-sGkPx+VjMtmA6MX27oA4FBFELFCZZ4S4XqeGOXCv68tT+jb3vk/RyaKWP0PTKyWtmLSM0b+adUTEvbs1PEaH2w=="
        },
        "node_modules/node-addon-api": {
            "version": "5.1.0",
            "resolved": "https://registry.npmjs.org/node-addon-api/-/node-addon-api-5.1.0.tgz",
            "integrity": "sha512-eh0GgfEkpnoWDq+VY8OyvYhFEzBk6jIYbRKdIlyTiAXIVJ8PyBaKb0rp7oDtoddbdoHWhq8wwr+XZ81F1rpNdA=="
        },
        "node_modules/node-gyp-build": {
            "version": "4.6.0",
            "resolved": "https://registry.npmjs.org/node-gyp-build/-/node-gyp-build-4.6.0.tgz",
            "integrity": "sha512-NTZVKn9IylLwUzaKjkas1e4u2DLNcV4rdYagA4PWdPwW87Bi7z+BznyKSRwS/761tV/lzCGXplWsiaMjLqP2zQ==",
            "bin": {
                "node-gyp-build": "bin.js",
                "node-gyp-build-optional": "optional.js",
                "node-gyp-build-test": "build-test.js"
            }
        },
        "node_modules/prompt-sync": {
            "version": "4.2.0",
            "resolved": "https://registry.npmjs.org/prompt-sync/-/prompt-sync-4.2.0.tgz",
            "integrity": "sha512-BuEzzc5zptP5LsgV5MZETjDaKSWfchl5U9Luiu8SKp7iZWD5tZalOxvNcZRwv+d2phNFr8xlbxmFNcRKfJOzJw==",
            "dependencies": {
                "strip-ansi": "^5.0.0"
            }
        },
        "node_modules/strip-ansi": {
            "version": "5.2.0",
            "resolved": "https://registry.npmjs.org/strip-ansi/-/strip-ansi-5.2.0.tgz",
            "integrity": "sha512-DuRs1gKbBqsMKIZlrffwlug8MHkcnpjs5VPmL1PAh+mA30U0DTotfDZ0d2UUsXpPmPmMMJ6W773MaA3J+lbiWA==",
            "dependencies": {
                "ansi-regex": "^4.1.0"
            },
            "engines": {
                "node": ">=6"
            }
        }
    }
}
